# This file is automatically @generated by Poetry 2.1.2 and should not be changed by hand.

[[package]]
name = "numpy"
version = "2.3.1"
description = "Fundamental package for array computing in Python"
optional = false
python-versions = ">=3.11"
groups = ["main"]
files = [
    {file = "numpy-2.3.1-cp311-cp311-macosx_10_9_x86_64.whl", hash = "sha256:6ea9e48336a402551f52cd8f593343699003d2353daa4b72ce8d34f66b722070"},
    {file = "numpy-2.3.1-cp311-cp311-macosx_11_0_arm64.whl", hash = "sha256:5ccb7336eaf0e77c1635b232c141846493a588ec9ea777a7c24d7166bb8533ae"},
    {file = "numpy-2.3.1-cp311-cp311-macosx_14_0_arm64.whl", hash = "sha256:0bb3a4a61e1d327e035275d2a993c96fa786e4913aa089843e6a2d9dd205c66a"},
    {file = "numpy-2.3.1-cp311-cp311-macosx_14_0_x86_64.whl", hash = "sha256:e344eb79dab01f1e838ebb67aab09965fb271d6da6b00adda26328ac27d4a66e"},
    {file = "numpy-2.3.1-cp311-cp311-manylinux_2_28_aarch64.whl", hash = "sha256:467db865b392168ceb1ef1ffa6f5a86e62468c43e0cfb4ab6da667ede10e58db"},
    {file = "numpy-2.3.1-cp311-cp311-manylinux_2_28_x86_64.whl", hash = "sha256:afed2ce4a84f6b0fc6c1ce734ff368cbf5a5e24e8954a338f3bdffa0718adffb"},
    {file = "numpy-2.3.1-cp311-cp311-musllinux_1_2_aarch64.whl", hash = "sha256:0025048b3c1557a20bc80d06fdeb8cc7fc193721484cca82b2cfa072fec71a93"},
    {file = "numpy-2.3.1-cp311-cp311-musllinux_1_2_x86_64.whl", hash = "sha256:a5ee121b60aa509679b682819c602579e1df14a5b07fe95671c8849aad8f2115"},
    {file = "numpy-2.3.1-cp311-cp311-win32.whl", hash = "sha256:a8b740f5579ae4585831b3cf0e3b0425c667274f82a484866d2adf9570539369"},
    {file = "numpy-2.3.1-cp311-cp311-win_amd64.whl", hash = "sha256:d4580adadc53311b163444f877e0789f1c8861e2698f6b2a4ca852fda154f3ff"},
    {file = "numpy-2.3.1-cp311-cp311-win_arm64.whl", hash = "sha256:ec0bdafa906f95adc9a0c6f26a4871fa753f25caaa0e032578a30457bff0af6a"},
    {file = "numpy-2.3.1-cp312-cp312-macosx_10_13_x86_64.whl", hash = "sha256:2959d8f268f3d8ee402b04a9ec4bb7604555aeacf78b360dc4ec27f1d508177d"},
    {file = "numpy-2.3.1-cp312-cp312-macosx_11_0_arm64.whl", hash = "sha256:762e0c0c6b56bdedfef9a8e1d4538556438288c4276901ea008ae44091954e29"},
    {file = "numpy-2.3.1-cp312-cp312-macosx_14_0_arm64.whl", hash = "sha256:867ef172a0976aaa1f1d1b63cf2090de8b636a7674607d514505fb7276ab08fc"},
    {file = "numpy-2.3.1-cp312-cp312-macosx_14_0_x86_64.whl", hash = "sha256:4e602e1b8682c2b833af89ba641ad4176053aaa50f5cacda1a27004352dde943"},
    {file = "numpy-2.3.1-cp312-cp312-manylinux_2_28_aarch64.whl", hash = "sha256:8e333040d069eba1652fb08962ec5b76af7f2c7bce1df7e1418c8055cf776f25"},
    {file = "numpy-2.3.1-cp312-cp312-manylinux_2_28_x86_64.whl", hash = "sha256:e7cbf5a5eafd8d230a3ce356d892512185230e4781a361229bd902ff403bc660"},
    {file = "numpy-2.3.1-cp312-cp312-musllinux_1_2_aarch64.whl", hash = "sha256:5f1b8f26d1086835f442286c1d9b64bb3974b0b1e41bb105358fd07d20872952"},
    {file = "numpy-2.3.1-cp312-cp312-musllinux_1_2_x86_64.whl", hash = "sha256:ee8340cb48c9b7a5899d1149eece41ca535513a9698098edbade2a8e7a84da77"},
    {file = "numpy-2.3.1-cp312-cp312-win32.whl", hash = "sha256:e772dda20a6002ef7061713dc1e2585bc1b534e7909b2030b5a46dae8ff077ab"},
    {file = "numpy-2.3.1-cp312-cp312-win_amd64.whl", hash = "sha256:cfecc7822543abdea6de08758091da655ea2210b8ffa1faf116b940693d3df76"},
    {file = "numpy-2.3.1-cp312-cp312-win_arm64.whl", hash = "sha256:7be91b2239af2658653c5bb6f1b8bccafaf08226a258caf78ce44710a0160d30"},
    {file = "numpy-2.3.1-cp313-cp313-macosx_10_13_x86_64.whl", hash = "sha256:25a1992b0a3fdcdaec9f552ef10d8103186f5397ab45e2d25f8ac51b1a6b97e8"},
    {file = "numpy-2.3.1-cp313-cp313-macosx_11_0_arm64.whl", hash = "sha256:7dea630156d39b02a63c18f508f85010230409db5b2927ba59c8ba4ab3e8272e"},
    {file = "numpy-2.3.1-cp313-cp313-macosx_14_0_arm64.whl", hash = "sha256:bada6058dd886061f10ea15f230ccf7dfff40572e99fef440a4a857c8728c9c0"},
    {file = "numpy-2.3.1-cp313-cp313-macosx_14_0_x86_64.whl", hash = "sha256:a894f3816eb17b29e4783e5873f92faf55b710c2519e5c351767c51f79d8526d"},
    {file = "numpy-2.3.1-cp313-cp313-manylinux_2_28_aarch64.whl", hash = "sha256:18703df6c4a4fee55fd3d6e5a253d01c5d33a295409b03fda0c86b3ca2ff41a1"},
    {file = "numpy-2.3.1-cp313-cp313-manylinux_2_28_x86_64.whl", hash = "sha256:5902660491bd7a48b2ec16c23ccb9124b8abfd9583c5fdfa123fe6b421e03de1"},
    {file = "numpy-2.3.1-cp313-cp313-musllinux_1_2_aarch64.whl", hash = "sha256:36890eb9e9d2081137bd78d29050ba63b8dab95dff7912eadf1185e80074b2a0"},
    {file = "numpy-2.3.1-cp313-cp313-musllinux_1_2_x86_64.whl", hash = "sha256:a780033466159c2270531e2b8ac063704592a0bc62ec4a1b991c7c40705eb0e8"},
    {file = "numpy-2.3.1-cp313-cp313-win32.whl", hash = "sha256:39bff12c076812595c3a306f22bfe49919c5513aa1e0e70fac756a0be7c2a2b8"},
    {file = "numpy-2.3.1-cp313-cp313-win_amd64.whl", hash = "sha256:8d5ee6eec45f08ce507a6570e06f2f879b374a552087a4179ea7838edbcbfa42"},
    {file = "numpy-2.3.1-cp313-cp313-win_arm64.whl", hash = "sha256:0c4d9e0a8368db90f93bd192bfa771ace63137c3488d198ee21dfb8e7771916e"},
    {file = "numpy-2.3.1-cp313-cp313t-macosx_10_13_x86_64.whl", hash = "sha256:b0b5397374f32ec0649dd98c652a1798192042e715df918c20672c62fb52d4b8"},
    {file = "numpy-2.3.1-cp313-cp313t-macosx_11_0_arm64.whl", hash = "sha256:c5bdf2015ccfcee8253fb8be695516ac4457c743473a43290fd36eba6a1777eb"},
    {file = "numpy-2.3.1-cp313-cp313t-macosx_14_0_arm64.whl", hash = "sha256:d70f20df7f08b90a2062c1f07737dd340adccf2068d0f1b9b3d56e2038979fee"},
    {file = "numpy-2.3.1-cp313-cp313t-macosx_14_0_x86_64.whl", hash = "sha256:2fb86b7e58f9ac50e1e9dd1290154107e47d1eef23a0ae9145ded06ea606f992"},
    {file = "numpy-2.3.1-cp313-cp313t-manylinux_2_28_aarch64.whl", hash = "sha256:23ab05b2d241f76cb883ce8b9a93a680752fbfcbd51c50eff0b88b979e471d8c"},
    {file = "numpy-2.3.1-cp313-cp313t-manylinux_2_28_x86_64.whl", hash = "sha256:ce2ce9e5de4703a673e705183f64fd5da5bf36e7beddcb63a25ee2286e71ca48"},
    {file = "numpy-2.3.1-cp313-cp313t-musllinux_1_2_aarch64.whl", hash = "sha256:c4913079974eeb5c16ccfd2b1f09354b8fed7e0d6f2cab933104a09a6419b1ee"},
    {file = "numpy-2.3.1-cp313-cp313t-musllinux_1_2_x86_64.whl", hash = "sha256:010ce9b4f00d5c036053ca684c77441f2f2c934fd23bee058b4d6f196efd8280"},
    {file = "numpy-2.3.1-cp313-cp313t-win32.whl", hash = "sha256:6269b9edfe32912584ec496d91b00b6d34282ca1d07eb10e82dfc780907d6c2e"},
    {file = "numpy-2.3.1-cp313-cp313t-win_amd64.whl", hash = "sha256:2a809637460e88a113e186e87f228d74ae2852a2e0c44de275263376f17b5bdc"},
    {file = "numpy-2.3.1-cp313-cp313t-win_arm64.whl", hash = "sha256:eccb9a159db9aed60800187bc47a6d3451553f0e1b08b068d8b277ddfbb9b244"},
    {file = "numpy-2.3.1-pp311-pypy311_pp73-macosx_10_15_x86_64.whl", hash = "sha256:ad506d4b09e684394c42c966ec1527f6ebc25da7f4da4b1b056606ffe446b8a3"},
    {file = "numpy-2.3.1-pp311-pypy311_pp73-macosx_14_0_arm64.whl", hash = "sha256:ebb8603d45bc86bbd5edb0d63e52c5fd9e7945d3a503b77e486bd88dde67a19b"},
    {file = "numpy-2.3.1-pp311-pypy311_pp73-macosx_14_0_x86_64.whl", hash = "sha256:15aa4c392ac396e2ad3d0a2680c0f0dee420f9fed14eef09bdb9450ee6dcb7b7"},
    {file = "numpy-2.3.1-pp311-pypy311_pp73-manylinux_2_28_aarch64.whl", hash = "sha256:c6e0bf9d1a2f50d2b65a7cf56db37c095af17b59f6c132396f7c6d5dd76484df"},
    {file = "numpy-2.3.1-pp311-pypy311_pp73-manylinux_2_28_x86_64.whl", hash = "sha256:eabd7e8740d494ce2b4ea0ff05afa1b7b291e978c0ae075487c51e8bd93c0c68"},
    {file = "numpy-2.3.1-pp311-pypy311_pp73-win_amd64.whl", hash = "sha256:e610832418a2bc09d974cc9fecebfa51e9532d6190223bc5ef6a7402ebf3b5cb"},
    {file = "numpy-2.3.1.tar.gz", hash = "sha256:1ec9ae20a4226da374362cca3c62cd753faf2f951440b0e3b98e93c235441d2b"},
]

[[package]]
name = "pyarrow"
version = "16.1.0"
description = "Python library for Apache Arrow"
optional = false
python-versions = ">=3.8"
groups = ["main"]
files = [
    {file = "pyarrow-16.1.0-cp310-cp310-macosx_10_15_x86_64.whl", hash = "sha256:17e23b9a65a70cc733d8b738baa6ad3722298fa0c81d88f63ff94bf25eaa77b9"},
    {file = "pyarrow-16.1.0-cp310-cp310-macosx_11_0_arm64.whl", hash = "sha256:4740cc41e2ba5d641071d0ab5e9ef9b5e6e8c7611351a5cb7c1d175eaf43674a"},
    {file = "pyarrow-16.1.0-cp310-cp310-manylinux_2_17_aarch64.manylinux2014_aarch64.whl", hash = "sha256:98100e0268d04e0eec47b73f20b39c45b4006f3c4233719c3848aa27a03c1aef"},
    {file = "pyarrow-16.1.0-cp310-cp310-manylinux_2_17_x86_64.manylinux2014_x86_64.whl", hash = "sha256:f68f409e7b283c085f2da014f9ef81e885d90dcd733bd648cfba3ef265961848"},
    {file = "pyarrow-16.1.0-cp310-cp310-manylinux_2_28_aarch64.whl", hash = "sha256:a8914cd176f448e09746037b0c6b3a9d7688cef451ec5735094055116857580c"},
    {file = "pyarrow-16.1.0-cp310-cp310-manylinux_2_28_x86_64.whl", hash = "sha256:48be160782c0556156d91adbdd5a4a7e719f8d407cb46ae3bb4eaee09b3111bd"},
    {file = "pyarrow-16.1.0-cp310-cp310-win_amd64.whl", hash = "sha256:9cf389d444b0f41d9fe1444b70650fea31e9d52cfcb5f818b7888b91b586efff"},
    {file = "pyarrow-16.1.0-cp311-cp311-macosx_10_15_x86_64.whl", hash = "sha256:d0ebea336b535b37eee9eee31761813086d33ed06de9ab6fc6aaa0bace7b250c"},
    {file = "pyarrow-16.1.0-cp311-cp311-macosx_11_0_arm64.whl", hash = "sha256:2e73cfc4a99e796727919c5541c65bb88b973377501e39b9842ea71401ca6c1c"},
    {file = "pyarrow-16.1.0-cp311-cp311-manylinux_2_17_aarch64.manylinux2014_aarch64.whl", hash = "sha256:bf9251264247ecfe93e5f5a0cd43b8ae834f1e61d1abca22da55b20c788417f6"},
    {file = "pyarrow-16.1.0-cp311-cp311-manylinux_2_17_x86_64.manylinux2014_x86_64.whl", hash = "sha256:ddf5aace92d520d3d2a20031d8b0ec27b4395cab9f74e07cc95edf42a5cc0147"},
    {file = "pyarrow-16.1.0-cp311-cp311-manylinux_2_28_aarch64.whl", hash = "sha256:25233642583bf658f629eb230b9bb79d9af4d9f9229890b3c878699c82f7d11e"},
    {file = "pyarrow-16.1.0-cp311-cp311-manylinux_2_28_x86_64.whl", hash = "sha256:a33a64576fddfbec0a44112eaf844c20853647ca833e9a647bfae0582b2ff94b"},
    {file = "pyarrow-16.1.0-cp311-cp311-win_amd64.whl", hash = "sha256:185d121b50836379fe012753cf15c4ba9638bda9645183ab36246923875f8d1b"},
    {file = "pyarrow-16.1.0-cp312-cp312-macosx_10_15_x86_64.whl", hash = "sha256:2e51ca1d6ed7f2e9d5c3c83decf27b0d17bb207a7dea986e8dc3e24f80ff7d6f"},
    {file = "pyarrow-16.1.0-cp312-cp312-macosx_11_0_arm64.whl", hash = "sha256:06ebccb6f8cb7357de85f60d5da50e83507954af617d7b05f48af1621d331c9a"},
    {file = "pyarrow-16.1.0-cp312-cp312-manylinux_2_17_aarch64.manylinux2014_aarch64.whl", hash = "sha256:b04707f1979815f5e49824ce52d1dceb46e2f12909a48a6a753fe7cafbc44a0c"},
    {file = "pyarrow-16.1.0-cp312-cp312-manylinux_2_17_x86_64.manylinux2014_x86_64.whl", hash = "sha256:0d32000693deff8dc5df444b032b5985a48592c0697cb6e3071a5d59888714e2"},
    {file = "pyarrow-16.1.0-cp312-cp312-manylinux_2_28_aarch64.whl", hash = "sha256:8785bb10d5d6fd5e15d718ee1d1f914fe768bf8b4d1e5e9bf253de8a26cb1628"},
    {file = "pyarrow-16.1.0-cp312-cp312-manylinux_2_28_x86_64.whl", hash = "sha256:e1369af39587b794873b8a307cc6623a3b1194e69399af0efd05bb202195a5a7"},
    {file = "pyarrow-16.1.0-cp312-cp312-win_amd64.whl", hash = "sha256:febde33305f1498f6df85e8020bca496d0e9ebf2093bab9e0f65e2b4ae2b3444"},
    {file = "pyarrow-16.1.0-cp38-cp38-macosx_10_15_x86_64.whl", hash = "sha256:b5f5705ab977947a43ac83b52ade3b881eb6e95fcc02d76f501d549a210ba77f"},
    {file = "pyarrow-16.1.0-cp38-cp38-macosx_11_0_arm64.whl", hash = "sha256:0d27bf89dfc2576f6206e9cd6cf7a107c9c06dc13d53bbc25b0bd4556f19cf5f"},
    {file = "pyarrow-16.1.0-cp38-cp38-manylinux_2_17_aarch64.manylinux2014_aarch64.whl", hash = "sha256:0d07de3ee730647a600037bc1d7b7994067ed64d0eba797ac74b2bc77384f4c2"},
    {file = "pyarrow-16.1.0-cp38-cp38-manylinux_2_17_x86_64.manylinux2014_x86_64.whl", hash = "sha256:fbef391b63f708e103df99fbaa3acf9f671d77a183a07546ba2f2c297b361e83"},
    {file = "pyarrow-16.1.0-cp38-cp38-manylinux_2_28_aarch64.whl", hash = "sha256:19741c4dbbbc986d38856ee7ddfdd6a00fc3b0fc2d928795b95410d38bb97d15"},
    {file = "pyarrow-16.1.0-cp38-cp38-manylinux_2_28_x86_64.whl", hash = "sha256:f2c5fb249caa17b94e2b9278b36a05ce03d3180e6da0c4c3b3ce5b2788f30eed"},
    {file = "pyarrow-16.1.0-cp38-cp38-win_amd64.whl", hash = "sha256:e6b6d3cd35fbb93b70ade1336022cc1147b95ec6af7d36906ca7fe432eb09710"},
    {file = "pyarrow-16.1.0-cp39-cp39-macosx_10_15_x86_64.whl", hash = "sha256:18da9b76a36a954665ccca8aa6bd9f46c1145f79c0bb8f4f244f5f8e799bca55"},
    {file = "pyarrow-16.1.0-cp39-cp39-macosx_11_0_arm64.whl", hash = "sha256:99f7549779b6e434467d2aa43ab2b7224dd9e41bdde486020bae198978c9e05e"},
    {file = "pyarrow-16.1.0-cp39-cp39-manylinux_2_17_aarch64.manylinux2014_aarch64.whl", hash = "sha256:f07fdffe4fd5b15f5ec15c8b64584868d063bc22b86b46c9695624ca3505b7b4"},
    {file = "pyarrow-16.1.0-cp39-cp39-manylinux_2_17_x86_64.manylinux2014_x86_64.whl", hash = "sha256:ddfe389a08ea374972bd4065d5f25d14e36b43ebc22fc75f7b951f24378bf0b5"},
    {file = "pyarrow-16.1.0-cp39-cp39-manylinux_2_28_aarch64.whl", hash = "sha256:3b20bd67c94b3a2ea0a749d2a5712fc845a69cb5d52e78e6449bbd295611f3aa"},
    {file = "pyarrow-16.1.0-cp39-cp39-manylinux_2_28_x86_64.whl", hash = "sha256:ba8ac20693c0bb0bf4b238751d4409e62852004a8cf031c73b0e0962b03e45e3"},
    {file = "pyarrow-16.1.0-cp39-cp39-win_amd64.whl", hash = "sha256:31a1851751433d89a986616015841977e0a188662fcffd1a5677453f1df2de0a"},
    {file = "pyarrow-16.1.0.tar.gz", hash = "sha256:15fbb22ea96d11f0b5768504a3f961edab25eaf4197c341720c4a387f6c60315"},
]

[package.dependencies]
numpy = ">=1.16.6"

[metadata]
lock-version = "2.1"
python-versions = ">=3.11,<3.12"
content-hash = "4a68f800387ee083fffa58d48cafca15a815e790f08811ee48e882223cf5be96"
